
Microsoft Visual Studio Solution File, Format Version 12.00
# Visual Studio Version 17
VisualStudioVersion = 17.6.33723.286
MinimumVisualStudioVersion = 10.0.40219.1
Project("{FAE04EC0-301F-11D3-BF4B-00C04F79EFBC}") = "trial", "trial\trial.csproj", "{149325BA-A83D-4D3F-95E8-07194498E45D}"
EndProject
Global
	GlobalSection(SolutionConfigurationPlatforms) = preSolution
		Debug|Any CPU = Debug|Any CPU
		Release|Any CPU = Release|Any CPU
	EndGlobalSection
	GlobalSection(ProjectConfigurationPlatforms) = postSolution
		{149325BA-A83D-4D3F-95E8-07194498E45D}.Debug|Any CPU.ActiveCfg = Debug|Any CPU
		{149325BA-A83D-4D3F-95E8-07194498E45D}.Debug|Any CPU.Build.0 = Debug|Any CPU
		{149325BA-A83D-4D3F-95E8-07194498E45D}.Release|Any CPU.ActiveCfg = Release|Any CPU
		{149325BA-A83D-4D3F-95E8-07194498E45D}.Release|Any CPU.Build.0 = Release|Any CPU
	EndGlobalSection
	GlobalSection(SolutionProperties) = preSolution
		HideSolutionNode = FALSE
	EndGlobalSection
	GlobalSection(ExtensibilityGlobals) = postSolution
		SolutionGuid = {C5399C46-ED8F-49F8-B48C-65F1AB3D34FF}
	EndGlobalSection
EndGlobal
